{
  "requires": true,
  "lockfileVersion": 1,
  "dependencies": {
    "bootstrap": {
      "version": "5.0.1",
      "resolved": "https://registry.npmjs.org/bootstrap/-/bootstrap-5.0.1.tgz",
      "integrity": "sha512-Fl79+wsLOZKoiU345KeEaWD0ik8WKRI5zm0YSPj2oF1Qr+BO7z0fco6GbUtqjoG1h4VI89PeKJnMsMMVQdKKTw=="
    },
    "weather-icons": {
      "version": "git+https://github.com/erikflowers/weather-icons.git#c78b6af3853239d36e0dd7fa056d484b42ddd461",
      "from": "git+https://github.com/erikflowers/weather-icons.git"
    }
  }
}
